transformers==5.15.1 --hash=sha256:b7cdf238ff583e3a58dbc7fa34da1aaf091ce063141f65a30538160bd5afe93f
huggingface-hub==1.28.0 --hash=sha256:58a8bacb03072edfc38067065e9dc24bbb34805410fcd36a1632de0b329660bb
hf-xet==1.6.0 --hash=sha256:0e6e21fa3cdfcdcd76748564bf593870a5e013f47d97cf10aed63aa222cff5b7
safetensors==0.8.0 --hash=sha256:7a46e5ff292c356d6991e60942ba7f79817682d3a2cef0702136448cb9c4d235
portalocker==3.2.0 --hash=sha256:3cdc5f565312224bc570c49337bd21428bba0ef363bbcf58b9ef4a9f11779968
pymupdf==1.27.2.3 --hash=sha256:1dd460a3ae4597a755f00a3bd9771f5ebf1531dc111f6a36bf05dd00a6b84425
pypdfium2==5.6.0 --hash=sha256:f6b5eb9eae5c45076395454522ca26add72ba8bd1fe473e1e4721aa58521470c
flask==3.1.2 --hash=sha256:ca1d8112ec8a6158cc29ea4858963350011b5c846a414cdb7a954aa9e967d03c
gunicorn==23.0.0 --hash=sha256:ec400d38950de4dfd418cff8328b2c8faed0edb0d517d3394e457c317908ca4d
blinker==1.9.0 --hash=sha256:ba0efaa9080b619ff2f3459d1d500c57bddea4a6b424b60a91141db6fd2f08bc
click==8.4.2 --hash=sha256:e6f9f66136c816745b9d65817da91d61d957fb16e02e4dcd0552553c5a197b76
itsdangerous==2.2.0 --hash=sha256:c6242fc49e35958c8b15141343aa660db5fc54d4f13a1db01a3f5891b98700ef
werkzeug==3.1.8 --hash=sha256:63a77fb8892bf28ebc3178683445222aa500e48ebad5ec77b0ad80f8726b1f50
glmocr @ https://github.com/zai-org/GLM-OCR/archive/cef4d0ea120d1741f5cefe8985eee45f6c8eff1d.zip --hash=sha256:8b90d409510042f5490022fad0ee27cb9cabec49f7352b6759dd9837ab9e28fb
